{
  "name": "firebase",
  "version": "1.0.0",
  "lockfileVersion": 1,
  "requires": true,
  "dependencies": {
    "blob-to-buffer": {
      "version": "1.2.6",
      "resolved": "https://registry.npmjs.org/blob-to-buffer/-/blob-to-buffer-1.2.6.tgz",
      "integrity": "sha1-CJrCZMaGtz6tbFOaSEqAA7+7IDM="
    },
    "drag-drop": {
      "version": "2.13.2",
      "resolved": "https://registry.npmjs.org/drag-drop/-/drag-drop-2.13.2.tgz",
      "integrity": "sha1-oB/0RZEj9a4KjIvZuzjGJcy4FVA=",
      "requires": {
        "blob-to-buffer": "1.2.6",
        "flatten": "1.0.2",
        "run-parallel": "1.1.6"
      }
    },
    "flatten": {
      "version": "1.0.2",
      "resolved": "https://registry.npmjs.org/flatten/-/flatten-1.0.2.tgz",
      "integrity": "sha1-2uRqnXj74lKSJYzB54CkHZXAN4I="
    },
    "run-parallel": {
      "version": "1.1.6",
      "resolved": "https://registry.npmjs.org/run-parallel/-/run-parallel-1.1.6.tgz",
      "integrity": "sha1-KQA8miFj4B4tLfyQV18sbB1hoDk="
    }
  }
}
